
Microsoft Visual Studio Solution File, Format Version 12.00
# Visual Studio 2012
Project("{FAE04EC0-301F-11D3-BF4B-00C04F79EFBC}") = "PantherParcel", "PantherParcel\PantherParcel.csproj", "{A5C6906B-6690-444E-A3AE-E84D10FC3073}"
EndProject
Global
	GlobalSection(SolutionConfigurationPlatforms) = preSolution
		Debug|Any CPU = Debug|Any CPU
		Release|Any CPU = Release|Any CPU
	EndGlobalSection
	GlobalSection(ProjectConfigurationPlatforms) = postSolution
		{A5C6906B-6690-444E-A3AE-E84D10FC3073}.Debug|Any CPU.ActiveCfg = Debug|Any CPU
		{A5C6906B-6690-444E-A3AE-E84D10FC3073}.Debug|Any CPU.Build.0 = Debug|Any CPU
		{A5C6906B-6690-444E-A3AE-E84D10FC3073}.Release|Any CPU.ActiveCfg = Release|Any CPU
		{A5C6906B-6690-444E-A3AE-E84D10FC3073}.Release|Any CPU.Build.0 = Release|Any CPU
	EndGlobalSection
EndGlobal
